
Microsoft Visual Studio Solution File, Format Version 12.00
# Visual Studio 15
VisualStudioVersion = 15.0.26430.14
MinimumVisualStudioVersion = 10.0.40219.1
Project("{8BC9CEB8-8B4A-11D0-8D11-00A0C91BC942}") = "net_test", "net_test\net_test.vcxproj", "{33D663DE-E18C-4B2E-8EFF-B224F07D0178}"
EndProject
Project("{8BC9CEB8-8B4A-11D0-8D11-00A0C91BC942}") = "core", "core\core.vcxproj", "{94356B4C-3362-4C9F-8442-F1979AB11843}"
EndProject
Project("{8BC9CEB8-8B4A-11D0-8D11-00A0C91BC942}") = "enet", "enet\enet.vcxproj", "{0191FEF5-5711-4995-B475-5A6115B46F01}"
EndProject
Project("{8BC9CEB8-8B4A-11D0-8D11-00A0C91BC942}") = "native", "native\native.vcxproj", "{E880372E-9B7F-4698-88FF-D28BD6E43624}"
EndProject
Global
	GlobalSection(SolutionConfigurationPlatforms) = preSolution
		Debug Client|x64 = Debug Client|x64
		Debug Client|x86 = Debug Client|x86
		Debug Server|x64 = Debug Server|x64
		Debug Server|x86 = Debug Server|x86
		Debug|x64 = Debug|x64
		Debug|x86 = Debug|x86
		Release Client|x64 = Release Client|x64
		Release Client|x86 = Release Client|x86
		Release Server|x64 = Release Server|x64
		Release Server|x86 = Release Server|x86
		Release|x64 = Release|x64
		Release|x86 = Release|x86
	EndGlobalSection
	GlobalSection(ProjectConfigurationPlatforms) = postSolution
		{33D663DE-E18C-4B2E-8EFF-B224F07D0178}.Debug Client|x64.ActiveCfg = Debug Client|x64
		{33D663DE-E18C-4B2E-8EFF-B224F07D0178}.Debug Client|x64.Build.0 = Debug Client|x64
		{33D663DE-E18C-4B2E-8EFF-B224F07D0178}.Debug Client|x86.ActiveCfg = Debug|Win32
		{33D663DE-E18C-4B2E-8EFF-B224F07D0178}.Debug Client|x86.Build.0 = Debug|Win32
		{33D663DE-E18C-4B2E-8EFF-B224F07D0178}.Debug Server|x64.ActiveCfg = Debug Server|x64
		{33D663DE-E18C-4B2E-8EFF-B224F07D0178}.Debug Server|x64.Build.0 = Debug Server|x64
		{33D663DE-E18C-4B2E-8EFF-B224F07D0178}.Debug Server|x86.ActiveCfg = Debug Server|Win32
		{33D663DE-E18C-4B2E-8EFF-B224F07D0178}.Debug Server|x86.Build.0 = Debug Server|Win32
		{33D663DE-E18C-4B2E-8EFF-B224F07D0178}.Debug|x64.ActiveCfg = Debug|x64
		{33D663DE-E18C-4B2E-8EFF-B224F07D0178}.Debug|x64.Build.0 = Debug|x64
		{33D663DE-E18C-4B2E-8EFF-B224F07D0178}.Debug|x86.ActiveCfg = Debug|Win32
		{33D663DE-E18C-4B2E-8EFF-B224F07D0178}.Debug|x86.Build.0 = Debug|Win32
		{33D663DE-E18C-4B2E-8EFF-B224F07D0178}.Release Client|x64.ActiveCfg = Release Client|x64
		{33D663DE-E18C-4B2E-8EFF-B224F07D0178}.Release Client|x64.Build.0 = Release Client|x64
		{33D663DE-E18C-4B2E-8EFF-B224F07D0178}.Release Client|x86.ActiveCfg = Release|Win32
		{33D663DE-E18C-4B2E-8EFF-B224F07D0178}.Release Client|x86.Build.0 = Release|Win32
		{33D663DE-E18C-4B2E-8EFF-B224F07D0178}.Release Server|x64.ActiveCfg = Release Server|x64
		{33D663DE-E18C-4B2E-8EFF-B224F07D0178}.Release Server|x64.Build.0 = Release Server|x64
		{33D663DE-E18C-4B2E-8EFF-B224F07D0178}.Release Server|x86.ActiveCfg = Release Server|Win32
		{33D663DE-E18C-4B2E-8EFF-B224F07D0178}.Release Server|x86.Build.0 = Release Server|Win32
		{33D663DE-E18C-4B2E-8EFF-B224F07D0178}.Release|x64.ActiveCfg = Release|x64
		{33D663DE-E18C-4B2E-8EFF-B224F07D0178}.Release|x64.Build.0 = Release|x64
		{33D663DE-E18C-4B2E-8EFF-B224F07D0178}.Release|x86.ActiveCfg = Release|Win32
		{33D663DE-E18C-4B2E-8EFF-B224F07D0178}.Release|x86.Build.0 = Release|Win32
		{94356B4C-3362-4C9F-8442-F1979AB11843}.Debug Client|x64.ActiveCfg = Debug|x64
		{94356B4C-3362-4C9F-8442-F1979AB11843}.Debug Client|x64.Build.0 = Debug|x64
		{94356B4C-3362-4C9F-8442-F1979AB11843}.Debug Client|x86.ActiveCfg = Debug|Win32
		{94356B4C-3362-4C9F-8442-F1979AB11843}.Debug Client|x86.Build.0 = Debug|Win32
		{94356B4C-3362-4C9F-8442-F1979AB11843}.Debug Server|x64.ActiveCfg = Debug|x64
		{94356B4C-3362-4C9F-8442-F1979AB11843}.Debug Server|x64.Build.0 = Debug|x64
		{94356B4C-3362-4C9F-8442-F1979AB11843}.Debug Server|x86.ActiveCfg = Debug Server|Win32
		{94356B4C-3362-4C9F-8442-F1979AB11843}.Debug Server|x86.Build.0 = Debug Server|Win32
		{94356B4C-3362-4C9F-8442-F1979AB11843}.Debug|x64.ActiveCfg = Debug|x64
		{94356B4C-3362-4C9F-8442-F1979AB11843}.Debug|x64.Build.0 = Debug|x64
		{94356B4C-3362-4C9F-8442-F1979AB11843}.Debug|x64.Deploy.0 = Debug|x64
		{94356B4C-3362-4C9F-8442-F1979AB11843}.Debug|x86.ActiveCfg = Debug|Win32
		{94356B4C-3362-4C9F-8442-F1979AB11843}.Debug|x86.Build.0 = Debug|Win32
		{94356B4C-3362-4C9F-8442-F1979AB11843}.Debug|x86.Deploy.0 = Debug|Win32
		{94356B4C-3362-4C9F-8442-F1979AB11843}.Release Client|x64.ActiveCfg = Release|x64
		{94356B4C-3362-4C9F-8442-F1979AB11843}.Release Client|x64.Build.0 = Release|x64
		{94356B4C-3362-4C9F-8442-F1979AB11843}.Release Client|x86.ActiveCfg = Release|Win32
		{94356B4C-3362-4C9F-8442-F1979AB11843}.Release Client|x86.Build.0 = Release|Win32
		{94356B4C-3362-4C9F-8442-F1979AB11843}.Release Server|x64.ActiveCfg = Release|x64
		{94356B4C-3362-4C9F-8442-F1979AB11843}.Release Server|x64.Build.0 = Release|x64
		{94356B4C-3362-4C9F-8442-F1979AB11843}.Release Server|x86.ActiveCfg = Release Server|Win32
		{94356B4C-3362-4C9F-8442-F1979AB11843}.Release Server|x86.Build.0 = Release Server|Win32
		{94356B4C-3362-4C9F-8442-F1979AB11843}.Release|x64.ActiveCfg = Release|x64
		{94356B4C-3362-4C9F-8442-F1979AB11843}.Release|x64.Build.0 = Release|x64
		{94356B4C-3362-4C9F-8442-F1979AB11843}.Release|x64.Deploy.0 = Release|x64
		{94356B4C-3362-4C9F-8442-F1979AB11843}.Release|x86.ActiveCfg = Release|Win32
		{94356B4C-3362-4C9F-8442-F1979AB11843}.Release|x86.Build.0 = Release|Win32
		{94356B4C-3362-4C9F-8442-F1979AB11843}.Release|x86.Deploy.0 = Release|Win32
		{0191FEF5-5711-4995-B475-5A6115B46F01}.Debug Client|x64.ActiveCfg = Debug|x64
		{0191FEF5-5711-4995-B475-5A6115B46F01}.Debug Client|x64.Build.0 = Debug|x64
		{0191FEF5-5711-4995-B475-5A6115B46F01}.Debug Client|x86.ActiveCfg = Debug|Win32
		{0191FEF5-5711-4995-B475-5A6115B46F01}.Debug Client|x86.Build.0 = Debug|Win32
		{0191FEF5-5711-4995-B475-5A6115B46F01}.Debug Server|x64.ActiveCfg = Debug|x64
		{0191FEF5-5711-4995-B475-5A6115B46F01}.Debug Server|x64.Build.0 = Debug|x64
		{0191FEF5-5711-4995-B475-5A6115B46F01}.Debug Server|x86.ActiveCfg = Debug|Win32
		{0191FEF5-5711-4995-B475-5A6115B46F01}.Debug Server|x86.Build.0 = Debug|Win32
		{0191FEF5-5711-4995-B475-5A6115B46F01}.Debug|x64.ActiveCfg = Debug|x64
		{0191FEF5-5711-4995-B475-5A6115B46F01}.Debug|x64.Build.0 = Debug|x64
		{0191FEF5-5711-4995-B475-5A6115B46F01}.Debug|x86.ActiveCfg = Debug|Win32
		{0191FEF5-5711-4995-B475-5A6115B46F01}.Debug|x86.Build.0 = Debug|Win32
		{0191FEF5-5711-4995-B475-5A6115B46F01}.Release Client|x64.ActiveCfg = Release|x64
		{0191FEF5-5711-4995-B475-5A6115B46F01}.Release Client|x64.Build.0 = Release|x64
		{0191FEF5-5711-4995-B475-5A6115B46F01}.Release Client|x86.ActiveCfg = Release|Win32
		{0191FEF5-5711-4995-B475-5A6115B46F01}.Release Client|x86.Build.0 = Release|Win32
		{0191FEF5-5711-4995-B475-5A6115B46F01}.Release Server|x64.ActiveCfg = Release|x64
		{0191FEF5-5711-4995-B475-5A6115B46F01}.Release Server|x64.Build.0 = Release|x64
		{0191FEF5-5711-4995-B475-5A6115B46F01}.Release Server|x64.Deploy.0 = Release|x64
		{0191FEF5-5711-4995-B475-5A6115B46F01}.Release Server|x86.ActiveCfg = Release|Win32
		{0191FEF5-5711-4995-B475-5A6115B46F01}.Release Server|x86.Build.0 = Release|Win32
		{0191FEF5-5711-4995-B475-5A6115B46F01}.Release Server|x86.Deploy.0 = Release|Win32
		{0191FEF5-5711-4995-B475-5A6115B46F01}.Release|x64.ActiveCfg = Release|x64
		{0191FEF5-5711-4995-B475-5A6115B46F01}.Release|x64.Build.0 = Release|x64
		{0191FEF5-5711-4995-B475-5A6115B46F01}.Release|x86.ActiveCfg = Release|Win32
		{0191FEF5-5711-4995-B475-5A6115B46F01}.Release|x86.Build.0 = Release|Win32
		{E880372E-9B7F-4698-88FF-D28BD6E43624}.Debug Client|x64.ActiveCfg = Debug|x64
		{E880372E-9B7F-4698-88FF-D28BD6E43624}.Debug Client|x64.Build.0 = Debug|x64
		{E880372E-9B7F-4698-88FF-D28BD6E43624}.Debug Client|x64.Deploy.0 = Debug|x64
		{E880372E-9B7F-4698-88FF-D28BD6E43624}.Debug Client|x86.ActiveCfg = Debug Server|Win32
		{E880372E-9B7F-4698-88FF-D28BD6E43624}.Debug Client|x86.Build.0 = Debug Server|Win32
		{E880372E-9B7F-4698-88FF-D28BD6E43624}.Debug Client|x86.Deploy.0 = Debug Server|Win32
		{E880372E-9B7F-4698-88FF-D28BD6E43624}.Debug Server|x64.ActiveCfg = Debug|x64
		{E880372E-9B7F-4698-88FF-D28BD6E43624}.Debug Server|x64.Build.0 = Debug|x64
		{E880372E-9B7F-4698-88FF-D28BD6E43624}.Debug Server|x64.Deploy.0 = Debug|x64
		{E880372E-9B7F-4698-88FF-D28BD6E43624}.Debug Server|x86.ActiveCfg = Debug Server|Win32
		{E880372E-9B7F-4698-88FF-D28BD6E43624}.Debug Server|x86.Build.0 = Debug Server|Win32
		{E880372E-9B7F-4698-88FF-D28BD6E43624}.Debug Server|x86.Deploy.0 = Debug Server|Win32
		{E880372E-9B7F-4698-88FF-D28BD6E43624}.Debug|x64.ActiveCfg = Debug|x64
		{E880372E-9B7F-4698-88FF-D28BD6E43624}.Debug|x64.Build.0 = Debug|x64
		{E880372E-9B7F-4698-88FF-D28BD6E43624}.Debug|x64.Deploy.0 = Debug|x64
		{E880372E-9B7F-4698-88FF-D28BD6E43624}.Debug|x86.ActiveCfg = Debug|Win32
		{E880372E-9B7F-4698-88FF-D28BD6E43624}.Debug|x86.Build.0 = Debug|Win32
		{E880372E-9B7F-4698-88FF-D28BD6E43624}.Debug|x86.Deploy.0 = Debug|Win32
		{E880372E-9B7F-4698-88FF-D28BD6E43624}.Release Client|x64.ActiveCfg = Release|x64
		{E880372E-9B7F-4698-88FF-D28BD6E43624}.Release Client|x64.Build.0 = Release|x64
		{E880372E-9B7F-4698-88FF-D28BD6E43624}.Release Client|x64.Deploy.0 = Release|x64
		{E880372E-9B7F-4698-88FF-D28BD6E43624}.Release Client|x86.ActiveCfg = Release|Win32
		{E880372E-9B7F-4698-88FF-D28BD6E43624}.Release Client|x86.Build.0 = Release|Win32
		{E880372E-9B7F-4698-88FF-D28BD6E43624}.Release Client|x86.Deploy.0 = Release|Win32
		{E880372E-9B7F-4698-88FF-D28BD6E43624}.Release Server|x64.ActiveCfg = Release|x64
		{E880372E-9B7F-4698-88FF-D28BD6E43624}.Release Server|x64.Build.0 = Release|x64
		{E880372E-9B7F-4698-88FF-D28BD6E43624}.Release Server|x64.Deploy.0 = Release|x64
		{E880372E-9B7F-4698-88FF-D28BD6E43624}.Release Server|x86.ActiveCfg = Release|Win32
		{E880372E-9B7F-4698-88FF-D28BD6E43624}.Release Server|x86.Build.0 = Release|Win32
		{E880372E-9B7F-4698-88FF-D28BD6E43624}.Release Server|x86.Deploy.0 = Release|Win32
		{E880372E-9B7F-4698-88FF-D28BD6E43624}.Release|x64.ActiveCfg = Release|x64
		{E880372E-9B7F-4698-88FF-D28BD6E43624}.Release|x64.Build.0 = Release|x64
		{E880372E-9B7F-4698-88FF-D28BD6E43624}.Release|x64.Deploy.0 = Release|x64
		{E880372E-9B7F-4698-88FF-D28BD6E43624}.Release|x86.ActiveCfg = Release|Win32
		{E880372E-9B7F-4698-88FF-D28BD6E43624}.Release|x86.Build.0 = Release|Win32
		{E880372E-9B7F-4698-88FF-D28BD6E43624}.Release|x86.Deploy.0 = Release|Win32
	EndGlobalSection
	GlobalSection(SolutionProperties) = preSolution
		HideSolutionNode = FALSE
	EndGlobalSection
EndGlobal
